
Microsoft Visual Studio Solution File, Format Version 12.00
# Visual Studio Version 17
VisualStudioVersion = 17.6.33723.286
MinimumVisualStudioVersion = 10.0.40219.1
Project("{FAE04EC0-301F-11D3-BF4B-00C04F79EFBC}") = "Screen_Sounds", "Screen_Sounds.csproj", "{36A8EE9E-C0AF-49E9-A825-D6C0D92E180A}"
EndProject
Global
	GlobalSection(SolutionConfigurationPlatforms) = preSolution
		Debug|Any CPU = Debug|Any CPU
		Release|Any CPU = Release|Any CPU
	EndGlobalSection
	GlobalSection(ProjectConfigurationPlatforms) = postSolution
		{36A8EE9E-C0AF-49E9-A825-D6C0D92E180A}.Debug|Any CPU.ActiveCfg = Debug|Any CPU
		{36A8EE9E-C0AF-49E9-A825-D6C0D92E180A}.Debug|Any CPU.Build.0 = Debug|Any CPU
		{36A8EE9E-C0AF-49E9-A825-D6C0D92E180A}.Release|Any CPU.ActiveCfg = Release|Any CPU
		{36A8EE9E-C0AF-49E9-A825-D6C0D92E180A}.Release|Any CPU.Build.0 = Release|Any CPU
	EndGlobalSection
	GlobalSection(SolutionProperties) = preSolution
		HideSolutionNode = FALSE
	EndGlobalSection
	GlobalSection(ExtensibilityGlobals) = postSolution
		SolutionGuid = {E834188D-036A-47FE-8F33-A7DB5C65329C}
	EndGlobalSection
EndGlobal
